
Microsoft Visual Studio Solution File, Format Version 12.00
# Visual Studio 15
VisualStudioVersion = 15.0.27703.2000
MinimumVisualStudioVersion = 10.0.40219.1
Project("{8BC9CEB8-8B4A-11D0-8D11-00A0C91BC942}") = "ahx2wav", "ahx2wav.vcxproj", "{E1D823EF-FCA1-4CB1-AED5-5583E1627229}"
EndProject
Global
	GlobalSection(SolutionConfigurationPlatforms) = preSolution
		Debug|x64 = Debug|x64
		Debug|x86 = Debug|x86
		Release|x64 = Release|x64
		Release|x86 = Release|x86
	EndGlobalSection
	GlobalSection(ProjectConfigurationPlatforms) = postSolution
		{E1D823EF-FCA1-4CB1-AED5-5583E1627229}.Debug|x64.ActiveCfg = Debug|x64
		{E1D823EF-FCA1-4CB1-AED5-5583E1627229}.Debug|x64.Build.0 = Debug|x64
		{E1D823EF-FCA1-4CB1-AED5-5583E1627229}.Debug|x86.ActiveCfg = Debug|Win32
		{E1D823EF-FCA1-4CB1-AED5-5583E1627229}.Debug|x86.Build.0 = Debug|Win32
		{E1D823EF-FCA1-4CB1-AED5-5583E1627229}.Release|x64.ActiveCfg = Release|x64
		{E1D823EF-FCA1-4CB1-AED5-5583E1627229}.Release|x64.Build.0 = Release|x64
		{E1D823EF-FCA1-4CB1-AED5-5583E1627229}.Release|x86.ActiveCfg = Release|Win32
		{E1D823EF-FCA1-4CB1-AED5-5583E1627229}.Release|x86.Build.0 = Release|Win32
	EndGlobalSection
	GlobalSection(SolutionProperties) = preSolution
		HideSolutionNode = FALSE
	EndGlobalSection
	GlobalSection(ExtensibilityGlobals) = postSolution
		SolutionGuid = {1C1549B8-5F1D-4AC7-A458-936283E23C62}
	EndGlobalSection
EndGlobal
